PODS:
  - PinLayout (1.10.0)
  - RxCocoa (6.2.0):
    - RxRelay (= 6.2.0)
    - RxSwift (= 6.2.0)
  - RxRelay (6.2.0):
    - RxSwift (= 6.2.0)
  - RxSwift (6.2.0)

DEPENDENCIES:
  - PinLayout
  - RxCocoa
  - RxSwift

SPEC REPOS:
  trunk:
    - PinLayout
    - RxCocoa
    - RxRelay
    - RxSwift

SPEC CHECKSUMS:
  PinLayout: e50e9a748b632905fca6e67043ea4b05d6c92186
  RxCocoa: 4baf94bb35f2c0ab31bc0cb9f1900155f646ba42
  RxRelay: e72dbfd157807478401ef1982e1c61c945c94b2f
  RxSwift: d356ab7bee873611322f134c5f9ef379fa183d8f

PODFILE CHECKSUM: 446f94927e3ebe360217f25c8c593b19590a4c16

COCOAPODS: 1.10.1
